
Microsoft Visual Studio Solution File, Format Version 12.00
# Visual Studio Version 16
VisualStudioVersion = 16.0.31729.503
MinimumVisualStudioVersion = 10.0.40219.1
Project("{FAE04EC0-301F-11D3-BF4B-00C04F79EFBC}") = "YurtBilgiSistemi", "YurtBilgiSistemi\YurtBilgiSistemi.csproj", "{C33F151B-DE9D-4B20-9DF2-1A9D9CDA46C0}"
EndProject
Global
	GlobalSection(SolutionConfigurationPlatforms) = preSolution
		Debug|Any CPU = Debug|Any CPU
		Release|Any CPU = Release|Any CPU
	EndGlobalSection
	GlobalSection(ProjectConfigurationPlatforms) = postSolution
		{C33F151B-DE9D-4B20-9DF2-1A9D9CDA46C0}.Debug|Any CPU.ActiveCfg = Debug|Any CPU
		{C33F151B-DE9D-4B20-9DF2-1A9D9CDA46C0}.Debug|Any CPU.Build.0 = Debug|Any CPU
		{C33F151B-DE9D-4B20-9DF2-1A9D9CDA46C0}.Release|Any CPU.ActiveCfg = Release|Any CPU
		{C33F151B-DE9D-4B20-9DF2-1A9D9CDA46C0}.Release|Any CPU.Build.0 = Release|Any CPU
	EndGlobalSection
	GlobalSection(SolutionProperties) = preSolution
		HideSolutionNode = FALSE
	EndGlobalSection
	GlobalSection(ExtensibilityGlobals) = postSolution
		SolutionGuid = {94F21ACF-E016-4E26-A8B2-6863FF798CBA}
	EndGlobalSection
EndGlobal
